<?xml version="1.0" encoding="UTF-8" standalone="yes" ?>
<CodeBlocks_project_file>
	<FileVersion major="1" minor="6" />
	<Project>
		<Option title="Projet" />
		<Option pch_mode="2" />
		<Option compiler="gcc" />
		<Build>
			<Target title="Debug">
				<Option output="bin/Debug/TP1" prefix_auto="1" extension_auto="1" />
				<Option object_output="obj/Debug/" />
				<Option type="1" />
				<Option compiler="gcc" />
				<Compiler>
					<Add option="-g" />
					<Add directory="../../include/glad" />
					<Add directory="model" />
				</Compiler>
				<Linker>
					<Add directory="../../include/glad" />
				</Linker>
			</Target>
			<Target title="Release">
				<Option output="bin/Release/TP1" prefix_auto="1" extension_auto="1" />
				<Option object_output="obj/Release/" />
				<Option type="1" />
				<Option compiler="gcc" />
				<Compiler>
					<Add option="-O2" />
				</Compiler>
				<Linker>
					<Add option="-s" />
				</Linker>
			</Target>
		</Build>
		<Compiler>
			<Add option="-Wall" />
			<Add option="-fexceptions" />
			<Add directory="include" />
			<Add directory="../../GLFW/include" />
			<Add directory="shader" />
			<Add directory="glm/glm" />
		</Compiler>
		<Linker>
			<Add library="C:/Program Files/CodeBlocks/MinGW/x86_64-w64-mingw32/lib/libopengl32.a" />
			<Add library="C:/Program Files/CodeBlocks/MinGW/x86_64-w64-mingw32/lib/libgdi32.a" />
			<Add library="C:/Users/LATITUDE/Desktop/GLFW/lib-mingw-w64/libglfw3dll.a" />
			<Add library="C:/Users/LATITUDE/Desktop/GLFW/lib-mingw-w64/libglfw3.a" />
			<Add directory="../../GLFW/lib-mingw-w64" />
		</Linker>
		<Unit filename="TP6exo.cpp">
			<Option target="&lt;{~None~}&gt;" />
		</Unit>
		<Unit filename="glad.c">
			<Option compilerVar="CC" />
		</Unit>
		<Unit filename="main.cpp" />
		<Unit filename="model/cube.obj" />
		<Unit filename="model/objload.cpp" />
		<Unit filename="model/objload.hpp" />
		<Unit filename="model/torus.obj" />
		<Unit filename="shader/SimpleFragmentShader.fragmentshader" />
		<Unit filename="shader/SimpleVertexShader.vertexshader" />
		<Unit filename="shader/shader.cpp" />
		<Unit filename="shader/shader.hpp" />
		<Unit filename="shader/stb_image.h" />
		<Extensions />
	</Project>
</CodeBlocks_project_file>
